
Microsoft Visual Studio Solution File, Format Version 12.00
# Visual Studio 15
VisualStudioVersion = 15.0.27428.2005
MinimumVisualStudioVersion = 10.0.40219.1
Project("{FAE04EC0-301F-11D3-BF4B-00C04F79EFBC}") = "ABSButler", "ABSButler.csproj", "{92061E23-AF2F-45F1-BDC1-29DB8992C537}"
EndProject
Global
	GlobalSection(SolutionConfigurationPlatforms) = preSolution
		Debug|Any CPU = Debug|Any CPU
		Release|Any CPU = Release|Any CPU
	EndGlobalSection
	GlobalSection(ProjectConfigurationPlatforms) = postSolution
		{92061E23-AF2F-45F1-BDC1-29DB8992C537}.Debug|Any CPU.ActiveCfg = Debug|Any CPU
		{92061E23-AF2F-45F1-BDC1-29DB8992C537}.Debug|Any CPU.Build.0 = Debug|Any CPU
		{92061E23-AF2F-45F1-BDC1-29DB8992C537}.Release|Any CPU.ActiveCfg = Release|Any CPU
		{92061E23-AF2F-45F1-BDC1-29DB8992C537}.Release|Any CPU.Build.0 = Release|Any CPU
	EndGlobalSection
	GlobalSection(SolutionProperties) = preSolution
		HideSolutionNode = FALSE
	EndGlobalSection
	GlobalSection(ExtensibilityGlobals) = postSolution
		SolutionGuid = {6A4C1384-8E6B-4420-BA9D-D7113DBBFD66}
	EndGlobalSection
EndGlobal
